
Microsoft Visual Studio Solution File, Format Version 12.00
# Visual Studio Version 16
VisualStudioVersion = 16.0.31019.35
MinimumVisualStudioVersion = 10.0.40219.1
Project("{FAE04EC0-301F-11D3-BF4B-00C04F79EFBC}") = "Roommates", "Roommates\Roommates.csproj", "{CAEE625B-9B7C-466E-87D5-148C0A7FB30A}"
EndProject
Global
	GlobalSection(SolutionConfigurationPlatforms) = preSolution
		Debug|Any CPU = Debug|Any CPU
		Release|Any CPU = Release|Any CPU
	EndGlobalSection
	GlobalSection(ProjectConfigurationPlatforms) = postSolution
		{CAEE625B-9B7C-466E-87D5-148C0A7FB30A}.Debug|Any CPU.ActiveCfg = Debug|Any CPU
		{CAEE625B-9B7C-466E-87D5-148C0A7FB30A}.Debug|Any CPU.Build.0 = Debug|Any CPU
		{CAEE625B-9B7C-466E-87D5-148C0A7FB30A}.Release|Any CPU.ActiveCfg = Release|Any CPU
		{CAEE625B-9B7C-466E-87D5-148C0A7FB30A}.Release|Any CPU.Build.0 = Release|Any CPU
	EndGlobalSection
	GlobalSection(SolutionProperties) = preSolution
		HideSolutionNode = FALSE
	EndGlobalSection
	GlobalSection(ExtensibilityGlobals) = postSolution
		SolutionGuid = {E56BAA6F-4C1F-4FDC-9689-FEC0FDC96ADE}
	EndGlobalSection
EndGlobal
